
Microsoft Visual Studio Solution File, Format Version 11.00
# Visual Studio 2010
Project("{FAE04EC0-301F-11D3-BF4B-00C04F79EFBC}") = "TapTitanXNA_JamesTaneda", "TapTitanXNA_JamesTaneda\TapTitanXNA_JamesTaneda\TapTitanXNA_JamesTaneda.csproj", "{8EB1F9E7-72AD-46BD-9712-B62F260B5157}"
EndProject
Project("{96E2B04D-8817-42C6-938A-82C39BA4D311}") = "TapTitanXNA_JamesTanedaContent", "TapTitanXNA_JamesTaneda\TapTitanXNA_JamesTanedaContent\TapTitanXNA_JamesTanedaContent.contentproj", "{1FBF1DB3-D354-4A8D-8A4B-0711B3ACFA96}"
EndProject
Global
	GlobalSection(SolutionConfigurationPlatforms) = preSolution
		Debug|x86 = Debug|x86
		Release|x86 = Release|x86
	EndGlobalSection
	GlobalSection(ProjectConfigurationPlatforms) = postSolution
		{8EB1F9E7-72AD-46BD-9712-B62F260B5157}.Debug|x86.ActiveCfg = Debug|x86
		{8EB1F9E7-72AD-46BD-9712-B62F260B5157}.Debug|x86.Build.0 = Debug|x86
		{8EB1F9E7-72AD-46BD-9712-B62F260B5157}.Release|x86.ActiveCfg = Release|x86
		{8EB1F9E7-72AD-46BD-9712-B62F260B5157}.Release|x86.Build.0 = Release|x86
		{1FBF1DB3-D354-4A8D-8A4B-0711B3ACFA96}.Debug|x86.ActiveCfg = Debug|x86
		{1FBF1DB3-D354-4A8D-8A4B-0711B3ACFA96}.Release|x86.ActiveCfg = Release|x86
	EndGlobalSection
	GlobalSection(SolutionProperties) = preSolution
		HideSolutionNode = FALSE
	EndGlobalSection
EndGlobal
